// !$*UTF8*$!
{
	archiveVersion = 1;
	classes = {
	};
	objectVersion = 77;
	objects = {

/* Begin PBXContainerItemProxy section */
		689DE6C92EE2D7B600EB6755 /* PBXContainerItemProxy */ = {
			isa = PBXContainerItemProxy;
			containerPortal = 689DE6AA2EE2D7B400EB6755 /* Project object */;
			proxyType = 1;
			remoteGlobalIDString = 689DE6B12EE2D7B400EB6755;
			remoteInfo = KiroAuto;
		};
		689DE6D32EE2D7B600EB6755 /* PBXContainerItemProxy */ = {
			isa = PBXContainerItemProxy;
			containerPortal = 689DE6AA2EE2D7B400EB6755 /* Project object */;
			proxyType = 1;
			remoteGlobalIDString = 689DE6B12EE2D7B400EB6755;
			remoteInfo = KiroAuto;
		};
/* End PBXContainerItemProxy section */

/* Begin PBXFileReference section */
		689DE6B22EE2D7B400EB6755 /* KiroAuto.app */ = {isa = PBXFileReference; explicitFileType = wrapper.application; includeInIndex = 0; path = KiroAuto.app; sourceTree = BUILT_PRODUCTS_DIR; };
		689DE6C82EE2D7B600EB6755 /* KiroAutoTests.xctest */ = {isa = PBXFileReference; explicitFileType = wrapper.cfbundle; includeInIndex = 0; path = KiroAutoTests.xctest; sourceTree = BUILT_PRODUCTS_DIR; };
		689DE6D22EE2D7B600EB6755 /* KiroAutoUITests.xctest */ = {isa = PBXFileReference; explicitFileType = wrapper.cfbundle; includeInIndex = 0; path = KiroAutoUITests.xctest; sourceTree = BUILT_PRODUCTS_DIR; };
/* End PBXFileReference section */

/* Begin PBXFileSystemSynchronizedRootGroup section */
		689DE6B42EE2D7B400EB6755 /* KiroAuto */ = {
			isa = PBXFileSystemSynchronizedRootGroup;
			path = KiroAuto;
			sourceTree = "<group>";
		};
		689DE6CB2EE2D7B600EB6755 /* KiroAutoTests */ = {
			isa = PBXFileSystemSynchronizedRootGroup;
			path = KiroAutoTests;
			sourceTree = "<group>";
		};
		689DE6D52EE2D7B600EB6755 /* KiroAutoUITests */ = {
			isa = PBXFileSystemSynchronizedRootGroup;
			path = KiroAutoUITests;
			sourceTree = "<group>";
		};
/* End PBXFileSystemSynchronizedRootGroup section */

/* Begin PBXFrameworksBuildPhase section */
		689DE6AF2EE2D7B400EB6755 /* Frameworks */ = {
			isa = PBXFrameworksBuildPhase;
			buildActionMask = 2147483647;
			files = (
			);
			runOnlyForDeploymentPostprocessing = 0;
		};
		689DE6C52EE2D7B600EB6755 /* Frameworks */ = {
			isa = PBXFrameworksBuildPhase;
			buildActionMask = 2147483647;
			files = (
			);
			runOnlyForDeploymentPostprocessing = 0;
		};
		689DE6CF2EE2D7B600EB6755 /* Frameworks */ = {
			isa = PBXFrameworksBuildPhase;
			buildActionMask = 2147483647;
			files = (
			);
			runOnlyForDeploymentPostprocessing = 0;
		};
/* End PBXFrameworksBuildPhase section */

/* Begin PBXGroup section */
		689DE6A92EE2D7B400EB6755 = {
			isa = PBXGroup;
			children = (
				689DE6B42EE2D7B400EB6755 /* KiroAuto */,
				689DE6CB2EE2D7B600EB6755 /* KiroAutoTests */,
				689DE6D52EE2D7B600EB6755 /* KiroAutoUITests */,
				689DE6B32EE2D7B400EB6755 /* Products */,
			);
			sourceTree = "<group>";
		};
		689DE6B32EE2D7B400EB6755 /* Products */ = {
			isa = PBXGroup;
			children = (
				689DE6B22EE2D7B400EB6755 /* KiroAuto.app */,
				689DE6C82EE2D7B600EB6755 /* KiroAutoTests.xctest */,
				689DE6D22EE2D7B600EB6755 /* KiroAutoUITests.xctest */,
			);
			name = Products;
			sourceTree = "<group>";
		};
/* End PBXGroup section */

/* Begin PBXNativeTarget section */
		689DE6B12EE2D7B400EB6755 /* KiroAuto */ = {
			isa = PBXNativeTarget;
			buildConfigurationList = 689DE6DC2EE2D7B600EB6755 /* Build configuration list for PBXNativeTarget "KiroAuto" */;
			buildPhases = (
				689DE6AE2EE2D7B400EB6755 /* Sources */,
				689DE6AF2EE2D7B400EB6755 /* Frameworks */,
				689DE6B02EE2D7B400EB6755 /* Resources */,
			);
			buildRules = (
			);
			dependencies = (
			);
			fileSystemSynchronizedGroups = (
				689DE6B42EE2D7B400EB6755 /* KiroAuto */,
			);
			name = KiroAuto;
			packageProductDependencies = (
			);
			productName = KiroAuto;
			productReference = 689DE6B22EE2D7B400EB6755 /* KiroAuto.app */;
			productType = "com.apple.product-type.application";
		};
		689DE6C72EE2D7B600EB6755 /* KiroAutoTests */ = {
			isa = PBXNativeTarget;
			buildConfigurationList = 689DE6DF2EE2D7B600EB6755 /* Build configuration list for PBXNativeTarget "KiroAutoTests" */;
			buildPhases = (
				689DE6C42EE2D7B600EB6755 /* Sources */,
				689DE6C52EE2D7B600EB6755 /* Frameworks */,
				689DE6C62EE2D7B600EB6755 /* Resources */,
			);
			buildRules = (
			);
			dependencies = (
				689DE6CA2EE2D7B600EB6755 /* PBXTargetDependency */,
			);
			fileSystemSynchronizedGroups = (
				689DE6CB2EE2D7B600EB6755 /* KiroAutoTests */,
			);
			name = KiroAutoTests;
			packageProductDependencies = (
			);
			productName = KiroAutoTests;
			productReference = 689DE6C82EE2D7B600EB6755 /* KiroAutoTests.xctest */;
			productType = "com.apple.product-type.bundle.unit-test";
		};
		689DE6D12EE2D7B600EB6755 /* KiroAutoUITests */ = {
			isa = PBXNativeTarget;
			buildConfigurationList = 689DE6E22EE2D7B600EB6755 /* Build configuration list for PBXNativeTarget "KiroAutoUITests" */;
			buildPhases = (
				689DE6CE2EE2D7B600EB6755 /* Sources */,
				689DE6CF2EE2D7B600EB6755 /* Frameworks */,
				689DE6D02EE2D7B600EB6755 /* Resources */,
			);
			buildRules = (
			);
			dependencies = (
				689DE6D42EE2D7B600EB6755 /* PBXTargetDependency */,
			);
			fileSystemSynchronizedGroups = (
				689DE6D52EE2D7B600EB6755 /* KiroAutoUITests */,
			);
			name = KiroAutoUITests;
			packageProductDependencies = (
			);
			productName = KiroAutoUITests;
			productReference = 689DE6D22EE2D7B600EB6755 /* KiroAutoUITests.xctest */;
			productType = "com.apple.product-type.bundle.ui-testing";
		};
/* End PBXNativeTarget section */

/* Begin PBXProject section */
		689DE6AA2EE2D7B400EB6755 /* Project object */ = {
			isa = PBXProject;
			attributes = {
				BuildIndependentTargetsInParallel = 1;
				LastSwiftUpdateCheck = 1620;
				LastUpgradeCheck = 1620;
				TargetAttributes = {
					689DE6B12EE2D7B400EB6755 = {
						CreatedOnToolsVersion = 16.2;
					};
					689DE6C72EE2D7B600EB6755 = {
						CreatedOnToolsVersion = 16.2;
						TestTargetID = 689DE6B12EE2D7B400EB6755;
					};
					689DE6D12EE2D7B600EB6755 = {
						CreatedOnToolsVersion = 16.2;
						TestTargetID = 689DE6B12EE2D7B400EB6755;
					};
				};
			};
			buildConfigurationList = 689DE6AD2EE2D7B400EB6755 /* Build configuration list for PBXProject "KiroAuto" */;
			developmentRegion = en;
			hasScannedForEncodings = 0;
			knownRegions = (
				en,
				Base,
			);
			mainGroup = 689DE6A92EE2D7B400EB6755;
			minimizedProjectReferenceProxies = 1;
			preferredProjectObjectVersion = 77;
			productRefGroup = 689DE6B32EE2D7B400EB6755 /* Products */;
			projectDirPath = "";
			projectRoot = "";
			targets = (
				689DE6B12EE2D7B400EB6755 /* KiroAuto */,
				689DE6C72EE2D7B600EB6755 /* KiroAutoTests */,
				689DE6D12EE2D7B600EB6755 /* KiroAutoUITests */,
			);
		};
/* End PBXProject section */

/* Begin PBXResourcesBuildPhase section */
		689DE6B02EE2D7B400EB6755 /* Resources */ = {
			isa = PBXResourcesBuildPhase;
			buildActionMask = 2147483647;
			files = (
			);
			runOnlyForDeploymentPostprocessing = 0;
		};
		689DE6C62EE2D7B600EB6755 /* Resources */ = {
			isa = PBXResourcesBuildPhase;
			buildActionMask = 2147483647;
			files = (
			);
			runOnlyForDeploymentPostprocessing = 0;
		};
		689DE6D02EE2D7B600EB6755 /* Resources */ = {
			isa = PBXResourcesBuildPhase;
			buildActionMask = 2147483647;
			files = (
			);
			runOnlyForDeploymentPostprocessing = 0;
		};
/* End PBXResourcesBuildPhase section */

/* Begin PBXSourcesBuildPhase section */
		689DE6AE2EE2D7B400EB6755 /* Sources */ = {
			isa = PBXSourcesBuildPhase;
			buildActionMask = 2147483647;
			files = (
			);
			runOnlyForDeploymentPostprocessing = 0;
		};
		689DE6C42EE2D7B600EB6755 /* Sources */ = {
			isa = PBXSourcesBuildPhase;
			buildActionMask = 2147483647;
			files = (
			);
			runOnlyForDeploymentPostprocessing = 0;
		};
		689DE6CE2EE2D7B600EB6755 /* Sources */ = {
			isa = PBXSourcesBuildPhase;
			buildActionMask = 2147483647;
			files = (
			);
			runOnlyForDeploymentPostprocessing = 0;
		};
/* End PBXSourcesBuildPhase section */

/* Begin PBXTargetDependency section */
		689DE6CA2EE2D7B600EB6755 /* PBXTargetDependency */ = {
			isa = PBXTargetDependency;
			target = 689DE6B12EE2D7B400EB6755 /* KiroAuto */;
			targetProxy = 689DE6C92EE2D7B600EB6755 /* PBXContainerItemProxy */;
		};
		689DE6D42EE2D7B600EB6755 /* PBXTargetDependency */ = {
			isa = PBXTargetDependency;
			target = 689DE6B12EE2D7B400EB6755 /* KiroAuto */;
			targetProxy = 689DE6D32EE2D7B600EB6755 /* PBXContainerItemProxy */;
		};
/* End PBXTargetDependency section */

/* Begin XCBuildConfiguration section */
		689DE6DA2EE2D7B600EB6755 /* Debug */ = {
			isa = XCBuildConfiguration;
			buildSettings = {
				ALWAYS_SEARCH_USER_PATHS = NO;
				ASSETCATALOG_COMPILER_GENERATE_SWIFT_ASSET_SYMBOL_EXTENSIONS = YES;
				CLANG_ANALYZER_NONNULL = YES;
				CLANG_ANALYZER_NUMBER_OBJECT_CONVERSION = YES_AGGRESSIVE;
				CLANG_CXX_LANGUAGE_STANDARD = "gnu++20";
				CLANG_ENABLE_MODULES = YES;
				CLANG_ENABLE_OBJC_ARC = YES;
				CLANG_ENABLE_OBJC_WEAK = YES;
				CLANG_WARN_BLOCK_CAPTURE_AUTORELEASING = YES;
				CLANG_WARN_BOOL_CONVERSION = YES;
				CLANG_WARN_COMMA = YES;
				CLANG_WARN_CONSTANT_CONVERSION = YES;
				CLANG_WARN_DEPRECATED_OBJC_IMPLEMENTATIONS = YES;
				CLANG_WARN_DIRECT_OBJC_ISA_USAGE = YES_ERROR;
				CLANG_WARN_DOCUMENTATION_COMMENTS = YES;
				CLANG_WARN_EMPTY_BODY = YES;
				CLANG_WARN_ENUM_CONVERSION = YES;
				CLANG_WARN_INFINITE_RECURSION = YES;
				CLANG_WARN_INT_CONVERSION = YES;
				CLANG_WARN_NON_LITERAL_NULL_CONVERSION = YES;
				CLANG_WARN_OBJC_IMPLICIT_RETAIN_SELF = YES;
				CLANG_WARN_OBJC_LITERAL_CONVERSION = YES;
				CLANG_WARN_OBJC_ROOT_CLASS = YES_ERROR;
				CLANG_WARN_QUOTED_INCLUDE_IN_FRAMEWORK_HEADER = YES;
				CLANG_WARN_RANGE_LOOP_ANALYSIS = YES;
				CLANG_WARN_STRICT_PROTOTYPES = YES;
				CLANG_WARN_SUSPICIOUS_MOVE = YES;
				CLANG_WARN_UNGUARDED_AVAILABILITY = YES_AGGRESSIVE;
				CLANG_WARN_UNREACHABLE_CODE = YES;
				CLANG_WARN__DUPLICATE_METHOD_MATCH = YES;
				COMPILER_INDEXING_ENABLED = YES;
				COPY_PHASE_STRIP = NO;
				DEBUG_INFORMATION_FORMAT = dwarf;
				ENABLE_STRICT_OBJC_MSGSEND = YES;
				ENABLE_TESTABILITY = YES;
				ENABLE_USER_SCRIPT_SANDBOXING = YES;
				GCC_C_LANGUAGE_STANDARD = gnu17;
				GCC_DYNAMIC_NO_PIC = NO;
				GCC_NO_COMMON_BLOCKS = YES;
				GCC_OPTIMIZATION_LEVEL = 0;
				GCC_PREPROCESSOR_DEFINITIONS = (
					"DEBUG=1",
					"$(inherited)",
				);
				GCC_WARN_64_TO_32_BIT_CONVERSION = YES;
				GCC_WARN_ABOUT_RETURN_TYPE = YES_ERROR;
				GCC_WARN_UNDECLARED_SELECTOR = YES;
				GCC_WARN_UNINITIALIZED_AUTOS = YES_AGGRESSIVE;
				GCC_WARN_UNUSED_FUNCTION = YES;
				GCC_WARN_UNUSED_VARIABLE = YES;
				LOCALIZATION_PREFERS_STRING_CATALOGS = YES;
				MACOSX_DEPLOYMENT_TARGET = 15.2;
				MTL_ENABLE_DEBUG_INFO = INCLUDE_SOURCE;
				MTL_FAST_MATH = YES;
				ONLY_ACTIVE_ARCH = YES;
				SDKROOT = macosx;
				SWIFT_ACTIVE_COMPILATION_CONDITIONS = "DEBUG $(inherited)";
				SWIFT_COMPILATION_MODE = incremental;
				SWIFT_OPTIMIZATION_LEVEL = "-Onone";
				SWIFT_USE_INTEGRATED_DRIVER = YES;
			};
			name = Debug;
		};
		689DE6DB2EE2D7B600EB6755 /* Release */ = {
			isa = XCBuildConfiguration;
			buildSettings = {
				ALWAYS_SEARCH_USER_PATHS = NO;
				ASSETCATALOG_COMPILER_GENERATE_SWIFT_ASSET_SYMBOL_EXTENSIONS = YES;
				CLANG_ANALYZER_NONNULL = YES;
				CLANG_ANALYZER_NUMBER_OBJECT_CONVERSION = YES_AGGRESSIVE;
				CLANG_CXX_LANGUAGE_STANDARD = "gnu++20";
				CLANG_ENABLE_MODULES = YES;
				CLANG_ENABLE_OBJC_ARC = YES;
				CLANG_ENABLE_OBJC_WEAK = YES;
				CLANG_WARN_BLOCK_CAPTURE_AUTORELEASING = YES;
				CLANG_WARN_BOOL_CONVERSION = YES;
				CLANG_WARN_COMMA = YES;
				CLANG_WARN_CONSTANT_CONVERSION = YES;
				CLANG_WARN_DEPRECATED_OBJC_IMPLEMENTATIONS = YES;
				CLANG_WARN_DIRECT_OBJC_ISA_USAGE = YES_ERROR;
				CLANG_WARN_DOCUMENTATION_COMMENTS = YES;
				CLANG_WARN_EMPTY_BODY = YES;
				CLANG_WARN_ENUM_CONVERSION = YES;
				CLANG_WARN_INFINITE_RECURSION = YES;
				CLANG_WARN_INT_CONVERSION = YES;
				CLANG_WARN_NON_LITERAL_NULL_CONVERSION = YES;
				CLANG_WARN_OBJC_IMPLICIT_RETAIN_SELF = YES;
				CLANG_WARN_OBJC_LITERAL_CONVERSION = YES;
				CLANG_WARN_OBJC_ROOT_CLASS = YES_ERROR;
				CLANG_WARN_QUOTED_INCLUDE_IN_FRAMEWORK_HEADER = YES;
				CLANG_WARN_RANGE_LOOP_ANALYSIS = YES;
				CLANG_WARN_STRICT_PROTOTYPES = YES;
				CLANG_WARN_SUSPICIOUS_MOVE = YES;
				CLANG_WARN_UNGUARDED_AVAILABILITY = YES_AGGRESSIVE;
				CLANG_WARN_UNREACHABLE_CODE = YES;
				CLANG_WARN__DUPLICATE_METHOD_MATCH = YES;
				COPY_PHASE_STRIP = NO;
				DEBUG_INFORMATION_FORMAT = "dwarf-with-dsym";
				ENABLE_NS_ASSERTIONS = NO;
				ENABLE_STRICT_OBJC_MSGSEND = YES;
				ENABLE_USER_SCRIPT_SANDBOXING = YES;
				GCC_C_LANGUAGE_STANDARD = gnu17;
				GCC_NO_COMMON_BLOCKS = YES;
				GCC_WARN_64_TO_32_BIT_CONVERSION = YES;
				GCC_WARN_ABOUT_RETURN_TYPE = YES_ERROR;
				GCC_WARN_UNDECLARED_SELECTOR = YES;
				GCC_WARN_UNINITIALIZED_AUTOS = YES_AGGRESSIVE;
				GCC_WARN_UNUSED_FUNCTION = YES;
				GCC_WARN_UNUSED_VARIABLE = YES;
				LOCALIZATION_PREFERS_STRING_CATALOGS = YES;
				MACOSX_DEPLOYMENT_TARGET = 15.2;
				MTL_ENABLE_DEBUG_INFO = NO;
				MTL_FAST_MATH = YES;
				SDKROOT = macosx;
				SWIFT_COMPILATION_MODE = wholemodule;
			};
			name = Release;
		};
		689DE6DD2EE2D7B600EB6755 /* Debug */ = {
			isa = XCBuildConfiguration;
			buildSettings = {
				ASSETCATALOG_COMPILER_APPICON_NAME = AppIcon;
				ASSETCATALOG_COMPILER_GLOBAL_ACCENT_COLOR_NAME = AccentColor;
				CODE_SIGN_ENTITLEMENTS = KiroAuto/KiroAuto.entitlements;
				CODE_SIGN_STYLE = Automatic;
				COMBINE_HIDPI_IMAGES = YES;
				CURRENT_PROJECT_VERSION = 1;
				DEVELOPMENT_ASSET_PATHS = "\"KiroAuto/Preview Content\"";
				DEVELOPMENT_TEAM = 433SKL9HT3;
				ENABLE_HARDENED_RUNTIME = YES;
				ENABLE_PREVIEWS = YES;
				GENERATE_INFOPLIST_FILE = YES;
				INFOPLIST_KEY_NSHumanReadableCopyright = "";
				LD_RUNPATH_SEARCH_PATHS = (
					"$(inherited)",
					"@executable_path/../Frameworks",
				);
				MARKETING_VERSION = 1.0;
				PRODUCT_BUNDLE_IDENTIFIER = alicanacar.KiroAuto;
				PRODUCT_NAME = "$(TARGET_NAME)";
				SWIFT_COMPILATION_MODE = incremental;
				SWIFT_EMIT_LOC_STRINGS = YES;
				SWIFT_VERSION = 5.0;
			};
			name = Debug;
		};
		689DE6DE2EE2D7B600EB6755 /* Release */ = {
			isa = XCBuildConfiguration;
			buildSettings = {
				ASSETCATALOG_COMPILER_APPICON_NAME = AppIcon;
				ASSETCATALOG_COMPILER_GLOBAL_ACCENT_COLOR_NAME = AccentColor;
				CODE_SIGN_ENTITLEMENTS = KiroAuto/KiroAuto.entitlements;
				CODE_SIGN_STYLE = Automatic;
				COMBINE_HIDPI_IMAGES = YES;
				CURRENT_PROJECT_VERSION = 1;
				DEVELOPMENT_ASSET_PATHS = "\"KiroAuto/Preview Content\"";
				DEVELOPMENT_TEAM = 433SKL9HT3;
				ENABLE_HARDENED_RUNTIME = YES;
				ENABLE_PREVIEWS = YES;
				GENERATE_INFOPLIST_FILE = YES;
				INFOPLIST_KEY_NSHumanReadableCopyright = "";
				LD_RUNPATH_SEARCH_PATHS = (
					"$(inherited)",
					"@executable_path/../Frameworks",
				);
				MARKETING_VERSION = 1.0;
				PRODUCT_BUNDLE_IDENTIFIER = alicanacar.KiroAuto;
				PRODUCT_NAME = "$(TARGET_NAME)";
				SWIFT_EMIT_LOC_STRINGS = YES;
				SWIFT_VERSION = 5.0;
			};
			name = Release;
		};
		689DE6E02EE2D7B600EB6755 /* Debug */ = {
			isa = XCBuildConfiguration;
			buildSettings = {
				BUNDLE_LOADER = "$(TEST_HOST)";
				CODE_SIGN_STYLE = Automatic;
				CURRENT_PROJECT_VERSION = 1;
				DEVELOPMENT_TEAM = 433SKL9HT3;
				GENERATE_INFOPLIST_FILE = YES;
				MACOSX_DEPLOYMENT_TARGET = 15.2;
				MARKETING_VERSION = 1.0;
				PRODUCT_BUNDLE_IDENTIFIER = alicanacar.KiroAutoTests;
				PRODUCT_NAME = "$(TARGET_NAME)";
				SWIFT_EMIT_LOC_STRINGS = NO;
				SWIFT_VERSION = 5.0;
				TEST_HOST = "$(BUILT_PRODUCTS_DIR)/KiroAuto.app/$(BUNDLE_EXECUTABLE_FOLDER_PATH)/KiroAuto";
			};
			name = Debug;
		};
		689DE6E12EE2D7B600EB6755 /* Release */ = {
			isa = XCBuildConfiguration;
			buildSettings = {
				BUNDLE_LOADER = "$(TEST_HOST)";
				CODE_SIGN_STYLE = Automatic;
				CURRENT_PROJECT_VERSION = 1;
				DEVELOPMENT_TEAM = 433SKL9HT3;
				GENERATE_INFOPLIST_FILE = YES;
				MACOSX_DEPLOYMENT_TARGET = 15.2;
				MARKETING_VERSION = 1.0;
				PRODUCT_BUNDLE_IDENTIFIER = alicanacar.KiroAutoTests;
				PRODUCT_NAME = "$(TARGET_NAME)";
				SWIFT_EMIT_LOC_STRINGS = NO;
				SWIFT_VERSION = 5.0;
				TEST_HOST = "$(BUILT_PRODUCTS_DIR)/KiroAuto.app/$(BUNDLE_EXECUTABLE_FOLDER_PATH)/KiroAuto";
			};
			name = Release;
		};
		689DE6E32EE2D7B600EB6755 /* Debug */ = {
			isa = XCBuildConfiguration;
			buildSettings = {
				CODE_SIGN_STYLE = Automatic;
				CURRENT_PROJECT_VERSION = 1;
				DEVELOPMENT_TEAM = 433SKL9HT3;
				GENERATE_INFOPLIST_FILE = YES;
				MARKETING_VERSION = 1.0;
				PRODUCT_BUNDLE_IDENTIFIER = alicanacar.KiroAutoUITests;
				PRODUCT_NAME = "$(TARGET_NAME)";
				SWIFT_EMIT_LOC_STRINGS = NO;
				SWIFT_VERSION = 5.0;
				TEST_TARGET_NAME = KiroAuto;
			};
			name = Debug;
		};
		689DE6E42EE2D7B600EB6755 /* Release */ = {
			isa = XCBuildConfiguration;
			buildSettings = {
				CODE_SIGN_STYLE = Automatic;
				CURRENT_PROJECT_VERSION = 1;
				DEVELOPMENT_TEAM = 433SKL9HT3;
				GENERATE_INFOPLIST_FILE = YES;
				MARKETING_VERSION = 1.0;
				PRODUCT_BUNDLE_IDENTIFIER = alicanacar.KiroAutoUITests;
				PRODUCT_NAME = "$(TARGET_NAME)";
				SWIFT_EMIT_LOC_STRINGS = NO;
				SWIFT_VERSION = 5.0;
				TEST_TARGET_NAME = KiroAuto;
			};
			name = Release;
		};
/* End XCBuildConfiguration section */

/* Begin XCConfigurationList section */
		689DE6AD2EE2D7B400EB6755 /* Build configuration list for PBXProject "KiroAuto" */ = {
			isa = XCConfigurationList;
			buildConfigurations = (
				689DE6DA2EE2D7B600EB6755 /* Debug */,
				689DE6DB2EE2D7B600EB6755 /* Release */,
			);
			defaultConfigurationIsVisible = 0;
			defaultConfigurationName = Release;
		};
		689DE6DC2EE2D7B600EB6755 /* Build configuration list for PBXNativeTarget "KiroAuto" */ = {
			isa = XCConfigurationList;
			buildConfigurations = (
				689DE6DD2EE2D7B600EB6755 /* Debug */,
				689DE6DE2EE2D7B600EB6755 /* Release */,
			);
			defaultConfigurationIsVisible = 0;
			defaultConfigurationName = Release;
		};
		689DE6DF2EE2D7B600EB6755 /* Build configuration list for PBXNativeTarget "KiroAutoTests" */ = {
			isa = XCConfigurationList;
			buildConfigurations = (
				689DE6E02EE2D7B600EB6755 /* Debug */,
				689DE6E12EE2D7B600EB6755 /* Release */,
			);
			defaultConfigurationIsVisible = 0;
			defaultConfigurationName = Release;
		};
		689DE6E22EE2D7B600EB6755 /* Build configuration list for PBXNativeTarget "KiroAutoUITests" */ = {
			isa = XCConfigurationList;
			buildConfigurations = (
				689DE6E32EE2D7B600EB6755 /* Debug */,
				689DE6E42EE2D7B600EB6755 /* Release */,
			);
			defaultConfigurationIsVisible = 0;
			defaultConfigurationName = Release;
		};
/* End XCConfigurationList section */
	};
	rootObject = 689DE6AA2EE2D7B400EB6755 /* Project object */;
}
